// !$*UTF8*$!
{
	archiveVersion = 1;
	classes = {
	};
	objectVersion = 55;
	objects = {

/* Begin PBXBuildFile section */
		7B21F86728C7777300419E1B /* Blog.swift in Sources */ = {isa = PBXBuildFile; fileRef = 7B21F86628C7777300419E1B /* Blog.swift */; };
		7B21F86928C7783A00419E1B /* News.swift in Sources */ = {isa = PBXBuildFile; fileRef = 7B21F86828C7783A00419E1B /* News.swift */; };
		7B21F86B28C7786E00419E1B /* Photo.swift in Sources */ = {isa = PBXBuildFile; fileRef = 7B21F86A28C7786E00419E1B /* Photo.swift */; };
		7B21F86E28C8DB2B00419E1B /* SearchAPI.swift in Sources */ = {isa = PBXBuildFile; fileRef = 7B21F86D28C8DB2B00419E1B /* SearchAPI.swift */; };
		7B2419E828BF4C910023F715 /* SearchAppApp.swift in Sources */ = {isa = PBXBuildFile; fileRef = 7B2419E728BF4C910023F715 /* SearchAppApp.swift */; };
		7B2419EA28BF4C910023F715 /* ContentView.swift in Sources */ = {isa = PBXBuildFile; fileRef = 7B2419E928BF4C910023F715 /* ContentView.swift */; };
		7B2419EC28BF4C920023F715 /* Assets.xcassets in Resources */ = {isa = PBXBuildFile; fileRef = 7B2419EB28BF4C920023F715 /* Assets.xcassets */; };
		7B2419EF28BF4C920023F715 /* Preview Assets.xcassets in Resources */ = {isa = PBXBuildFile; fileRef = 7B2419EE28BF4C920023F715 /* Preview Assets.xcassets */; };
		7B2419F928BF4C920023F715 /* SearchAPITests.swift in Sources */ = {isa = PBXBuildFile; fileRef = 7B2419F828BF4C920023F715 /* SearchAPITests.swift */; };
		7B241A0328BF4C920023F715 /* SearchAppUITests.swift in Sources */ = {isa = PBXBuildFile; fileRef = 7B241A0228BF4C920023F715 /* SearchAppUITests.swift */; };
		7B241A0528BF4C920023F715 /* SearchAppUITestsLaunchTests.swift in Sources */ = {isa = PBXBuildFile; fileRef = 7B241A0428BF4C920023F715 /* SearchAppUITestsLaunchTests.swift */; };
		7B3EEAEE28F7E9E700E1A3CC /* WebViewController.xib in Resources */ = {isa = PBXBuildFile; fileRef = 7B3EEAED28F7E9E700E1A3CC /* WebViewController.xib */; };
		7B3EEAF028F7EC8400E1A3CC /* WebViewController.swift in Sources */ = {isa = PBXBuildFile; fileRef = 7B3EEAEF28F7EC8400E1A3CC /* WebViewController.swift */; };
		7B45617D28C05327008CC18D /* SearchMainView.swift in Sources */ = {isa = PBXBuildFile; fileRef = 7B45617C28C05327008CC18D /* SearchMainView.swift */; };
		7B56193428FEDD6600C226C1 /* SearchKeywordChecker.swift in Sources */ = {isa = PBXBuildFile; fileRef = 7B56193328FEDD6600C226C1 /* SearchKeywordChecker.swift */; };
		7B56193628FEE2E200C226C1 /* SearchKeywordCheckerTests.swift in Sources */ = {isa = PBXBuildFile; fileRef = 7B56193528FEE2E200C226C1 /* SearchKeywordCheckerTests.swift */; };
		7B7A7BF528BF5046001E50FD /* NewsRow.swift in Sources */ = {isa = PBXBuildFile; fileRef = 7B7A7BF428BF5046001E50FD /* NewsRow.swift */; };
		7B88A56528EEE1A000B65ED3 /* SwiftUIWebView.swift in Sources */ = {isa = PBXBuildFile; fileRef = 7B88A56428EEE1A000B65ED3 /* SwiftUIWebView.swift */; };
		7B9BB47328E1E00100DEBE01 /* HighlightKeyword.swift in Sources */ = {isa = PBXBuildFile; fileRef = 7B9BB47228E1E00100DEBE01 /* HighlightKeyword.swift */; };
		7BA2ADF928F9951B00107459 /* ImageDetail.swift in Sources */ = {isa = PBXBuildFile; fileRef = 7BA2ADF828F9951B00107459 /* ImageDetail.swift */; };
		7BA48D2D28D2E3A4000FA056 /* ResultMainView.swift in Sources */ = {isa = PBXBuildFile; fileRef = 7BA48D2C28D2E3A4000FA056 /* ResultMainView.swift */; };
		7BA48D2F28D2E76D000FA056 /* BlogListView.swift in Sources */ = {isa = PBXBuildFile; fileRef = 7BA48D2E28D2E76D000FA056 /* BlogListView.swift */; };
		7BAC470928D0888F009AB7B5 /* URLSessionDataTaskSpy.swift in Sources */ = {isa = PBXBuildFile; fileRef = 7BAC470828D0888F009AB7B5 /* URLSessionDataTaskSpy.swift */; };
		7BAC470B28D0892B009AB7B5 /* URLSessionSpy.swift in Sources */ = {isa = PBXBuildFile; fileRef = 7BAC470A28D0892B009AB7B5 /* URLSessionSpy.swift */; };
		7BB7BA5928CF2B8D00C698DD /* SearchType.swift in Sources */ = {isa = PBXBuildFile; fileRef = 7BB7BA5828CF2B8D00C698DD /* SearchType.swift */; };
		7BB7BA6428CF2CD600C698DD /* news.json in Resources */ = {isa = PBXBuildFile; fileRef = 7BB7BA6128CF2CD600C698DD /* news.json */; };
		7BB7BA6528CF2CD600C698DD /* image.json in Resources */ = {isa = PBXBuildFile; fileRef = 7BB7BA6228CF2CD600C698DD /* image.json */; };
		7BB7BA6628CF2CD600C698DD /* blog.json in Resources */ = {isa = PBXBuildFile; fileRef = 7BB7BA6328CF2CD600C698DD /* blog.json */; };
		7BB7BA6828CF2CF200C698DD /* APIResult.swift in Sources */ = {isa = PBXBuildFile; fileRef = 7BB7BA6728CF2CF200C698DD /* APIResult.swift */; };
		7BB7BA6E28CF3F7300C698DD /* BlogRow.swift in Sources */ = {isa = PBXBuildFile; fileRef = 7BB7BA6D28CF3F7300C698DD /* BlogRow.swift */; };
		7BCE44A028D60A6B00994810 /* ImageRow.swift in Sources */ = {isa = PBXBuildFile; fileRef = 7BCE449F28D60A6B00994810 /* ImageRow.swift */; };
		7BCE44A228D60C3000994810 /* ImageListView.swift in Sources */ = {isa = PBXBuildFile; fileRef = 7BCE44A128D60C3000994810 /* ImageListView.swift */; };
		7BF6492528C49EA8002160E7 /* NewsListView.swift in Sources */ = {isa = PBXBuildFile; fileRef = 7BF6492428C49EA8002160E7 /* NewsListView.swift */; };
		7BF6492828C4C0E8002160E7 /* SearchBoxView.swift in Sources */ = {isa = PBXBuildFile; fileRef = 7BF6492728C4C0E8002160E7 /* SearchBoxView.swift */; };
/* End PBXBuildFile section */

/* Begin PBXContainerItemProxy section */
		7B2419F528BF4C920023F715 /* PBXContainerItemProxy */ = {
			isa = PBXContainerItemProxy;
			containerPortal = 7B2419DC28BF4C910023F715 /* Project object */;
			proxyType = 1;
			remoteGlobalIDString = 7B2419E328BF4C910023F715;
			remoteInfo = SearchApp;
		};
		7B2419FF28BF4C920023F715 /* PBXContainerItemProxy */ = {
			isa = PBXContainerItemProxy;
			containerPortal = 7B2419DC28BF4C910023F715 /* Project object */;
			proxyType = 1;
			remoteGlobalIDString = 7B2419E328BF4C910023F715;
			remoteInfo = SearchApp;
		};
/* End PBXContainerItemProxy section */

/* Begin PBXFileReference section */
		7B21F86628C7777300419E1B /* Blog.swift */ = {isa = PBXFileReference; lastKnownFileType = sourcecode.swift; path = Blog.swift; sourceTree = "<group>"; };
		7B21F86828C7783A00419E1B /* News.swift */ = {isa = PBXFileReference; lastKnownFileType = sourcecode.swift; path = News.swift; sourceTree = "<group>"; };
		7B21F86A28C7786E00419E1B /* Photo.swift */ = {isa = PBXFileReference; lastKnownFileType = sourcecode.swift; path = Photo.swift; sourceTree = "<group>"; };
		7B21F86D28C8DB2B00419E1B /* SearchAPI.swift */ = {isa = PBXFileReference; lastKnownFileType = sourcecode.swift; path = SearchAPI.swift; sourceTree = "<group>"; };
		7B2419E428BF4C910023F715 /* SearchApp.app */ = {isa = PBXFileReference; explicitFileType = wrapper.application; includeInIndex = 0; path = SearchApp.app; sourceTree = BUILT_PRODUCTS_DIR; };
		7B2419E728BF4C910023F715 /* SearchAppApp.swift */ = {isa = PBXFileReference; lastKnownFileType = sourcecode.swift; path = SearchAppApp.swift; sourceTree = "<group>"; };
		7B2419E928BF4C910023F715 /* ContentView.swift */ = {isa = PBXFileReference; lastKnownFileType = sourcecode.swift; path = ContentView.swift; sourceTree = "<group>"; };
		7B2419EB28BF4C920023F715 /* Assets.xcassets */ = {isa = PBXFileReference; lastKnownFileType = folder.assetcatalog; path = Assets.xcassets; sourceTree = "<group>"; };
		7B2419EE28BF4C920023F715 /* Preview Assets.xcassets */ = {isa = PBXFileReference; lastKnownFileType = folder.assetcatalog; path = "Preview Assets.xcassets"; sourceTree = "<group>"; };
		7B2419F428BF4C920023F715 /* SearchAppTests.xctest */ = {isa = PBXFileReference; explicitFileType = wrapper.cfbundle; includeInIndex = 0; path = SearchAppTests.xctest; sourceTree = BUILT_PRODUCTS_DIR; };
		7B2419F828BF4C920023F715 /* SearchAPITests.swift */ = {isa = PBXFileReference; lastKnownFileType = sourcecode.swift; path = SearchAPITests.swift; sourceTree = "<group>"; };
		7B2419FE28BF4C920023F715 /* SearchAppUITests.xctest */ = {isa = PBXFileReference; explicitFileType = wrapper.cfbundle; includeInIndex = 0; path = SearchAppUITests.xctest; sourceTree = BUILT_PRODUCTS_DIR; };
		7B241A0228BF4C920023F715 /* SearchAppUITests.swift */ = {isa = PBXFileReference; lastKnownFileType = sourcecode.swift; path = SearchAppUITests.swift; sourceTree = "<group>"; };
		7B241A0428BF4C920023F715 /* SearchAppUITestsLaunchTests.swift */ = {isa = PBXFileReference; lastKnownFileType = sourcecode.swift; path = SearchAppUITestsLaunchTests.swift; sourceTree = "<group>"; };
		7B3EEAED28F7E9E700E1A3CC /* WebViewController.xib */ = {isa = PBXFileReference; lastKnownFileType = file.xib; path = WebViewController.xib; sourceTree = "<group>"; };
		7B3EEAEF28F7EC8400E1A3CC /* WebViewController.swift */ = {isa = PBXFileReference; lastKnownFileType = sourcecode.swift; path = WebViewController.swift; sourceTree = "<group>"; };
		7B45617C28C05327008CC18D /* SearchMainView.swift */ = {isa = PBXFileReference; lastKnownFileType = sourcecode.swift; path = SearchMainView.swift; sourceTree = "<group>"; };
		7B56193328FEDD6600C226C1 /* SearchKeywordChecker.swift */ = {isa = PBXFileReference; lastKnownFileType = sourcecode.swift; path = SearchKeywordChecker.swift; sourceTree = "<group>"; };
		7B56193528FEE2E200C226C1 /* SearchKeywordCheckerTests.swift */ = {isa = PBXFileReference; lastKnownFileType = sourcecode.swift; path = SearchKeywordCheckerTests.swift; sourceTree = "<group>"; };
		7B7A7BF428BF5046001E50FD /* NewsRow.swift */ = {isa = PBXFileReference; lastKnownFileType = sourcecode.swift; path = NewsRow.swift; sourceTree = "<group>"; };
		7B88A56428EEE1A000B65ED3 /* SwiftUIWebView.swift */ = {isa = PBXFileReference; lastKnownFileType = sourcecode.swift; path = SwiftUIWebView.swift; sourceTree = "<group>"; };
		7B9BB47228E1E00100DEBE01 /* HighlightKeyword.swift */ = {isa = PBXFileReference; lastKnownFileType = sourcecode.swift; path = HighlightKeyword.swift; sourceTree = "<group>"; };
		7BA2ADF828F9951B00107459 /* ImageDetail.swift */ = {isa = PBXFileReference; lastKnownFileType = sourcecode.swift; path = ImageDetail.swift; sourceTree = "<group>"; };
		7BA48D2C28D2E3A4000FA056 /* ResultMainView.swift */ = {isa = PBXFileReference; lastKnownFileType = sourcecode.swift; path = ResultMainView.swift; sourceTree = "<group>"; };
		7BA48D2E28D2E76D000FA056 /* BlogListView.swift */ = {isa = PBXFileReference; lastKnownFileType = sourcecode.swift; path = BlogListView.swift; sourceTree = "<group>"; };
		7BAC470828D0888F009AB7B5 /* URLSessionDataTaskSpy.swift */ = {isa = PBXFileReference; lastKnownFileType = sourcecode.swift; path = URLSessionDataTaskSpy.swift; sourceTree = "<group>"; };
		7BAC470A28D0892B009AB7B5 /* URLSessionSpy.swift */ = {isa = PBXFileReference; lastKnownFileType = sourcecode.swift; path = URLSessionSpy.swift; sourceTree = "<group>"; };
		7BB7BA5828CF2B8D00C698DD /* SearchType.swift */ = {isa = PBXFileReference; lastKnownFileType = sourcecode.swift; path = SearchType.swift; sourceTree = "<group>"; };
		7BB7BA6128CF2CD600C698DD /* news.json */ = {isa = PBXFileReference; fileEncoding = 4; lastKnownFileType = text.json; path = news.json; sourceTree = "<group>"; };
		7BB7BA6228CF2CD600C698DD /* image.json */ = {isa = PBXFileReference; fileEncoding = 4; lastKnownFileType = text.json; path = image.json; sourceTree = "<group>"; };
		7BB7BA6328CF2CD600C698DD /* blog.json */ = {isa = PBXFileReference; fileEncoding = 4; lastKnownFileType = text.json; path = blog.json; sourceTree = "<group>"; };
		7BB7BA6728CF2CF200C698DD /* APIResult.swift */ = {isa = PBXFileReference; lastKnownFileType = sourcecode.swift; path = APIResult.swift; sourceTree = "<group>"; };
		7BB7BA6D28CF3F7300C698DD /* BlogRow.swift */ = {isa = PBXFileReference; lastKnownFileType = sourcecode.swift; path = BlogRow.swift; sourceTree = "<group>"; };
		7BCE449F28D60A6B00994810 /* ImageRow.swift */ = {isa = PBXFileReference; lastKnownFileType = sourcecode.swift; path = ImageRow.swift; sourceTree = "<group>"; };
		7BCE44A128D60C3000994810 /* ImageListView.swift */ = {isa = PBXFileReference; lastKnownFileType = sourcecode.swift; path = ImageListView.swift; sourceTree = "<group>"; };
		7BF6492428C49EA8002160E7 /* NewsListView.swift */ = {isa = PBXFileReference; lastKnownFileType = sourcecode.swift; path = NewsListView.swift; sourceTree = "<group>"; };
		7BF6492728C4C0E8002160E7 /* SearchBoxView.swift */ = {isa = PBXFileReference; lastKnownFileType = sourcecode.swift; path = SearchBoxView.swift; sourceTree = "<group>"; };
/* End PBXFileReference section */

/* Begin PBXFrameworksBuildPhase section */
		7B2419E128BF4C910023F715 /* Frameworks */ = {
			isa = PBXFrameworksBuildPhase;
			buildActionMask = 2147483647;
			files = (
			);
			runOnlyForDeploymentPostprocessing = 0;
		};
		7B2419F128BF4C920023F715 /* Frameworks */ = {
			isa = PBXFrameworksBuildPhase;
			buildActionMask = 2147483647;
			files = (
			);
			runOnlyForDeploymentPostprocessing = 0;
		};
		7B2419FB28BF4C920023F715 /* Frameworks */ = {
			isa = PBXFrameworksBuildPhase;
			buildActionMask = 2147483647;
			files = (
			);
			runOnlyForDeploymentPostprocessing = 0;
		};
/* End PBXFrameworksBuildPhase section */

/* Begin PBXGroup section */
		7B21F86528C7775700419E1B /* Models */ = {
			isa = PBXGroup;
			children = (
				7B21F86628C7777300419E1B /* Blog.swift */,
				7B21F86828C7783A00419E1B /* News.swift */,
				7B21F86A28C7786E00419E1B /* Photo.swift */,
				7BB7BA5828CF2B8D00C698DD /* SearchType.swift */,
				7BB7BA6728CF2CF200C698DD /* APIResult.swift */,
			);
			path = Models;
			sourceTree = "<group>";
		};
		7B21F86C28C8DB0E00419E1B /* API */ = {
			isa = PBXGroup;
			children = (
				7B21F86D28C8DB2B00419E1B /* SearchAPI.swift */,
			);
			path = API;
			sourceTree = "<group>";
		};
		7B2419DB28BF4C910023F715 = {
			isa = PBXGroup;
			children = (
				7B2419E628BF4C910023F715 /* SearchApp */,
				7B2419F728BF4C920023F715 /* SearchAppTests */,
				7B241A0128BF4C920023F715 /* SearchAppUITests */,
				7B2419E528BF4C910023F715 /* Products */,
			);
			sourceTree = "<group>";
		};
		7B2419E528BF4C910023F715 /* Products */ = {
			isa = PBXGroup;
			children = (
				7B2419E428BF4C910023F715 /* SearchApp.app */,
				7B2419F428BF4C920023F715 /* SearchAppTests.xctest */,
				7B2419FE28BF4C920023F715 /* SearchAppUITests.xctest */,
			);
			name = Products;
			sourceTree = "<group>";
		};
		7B2419E628BF4C910023F715 /* SearchApp */ = {
			isa = PBXGroup;
			children = (
				7B2419E728BF4C910023F715 /* SearchAppApp.swift */,
				7B2419E928BF4C910023F715 /* ContentView.swift */,
				7B7A7BF328BF502C001E50FD /* Views */,
				7B21F86528C7775700419E1B /* Models */,
				7B21F86C28C8DB0E00419E1B /* API */,
				7B9BB47228E1E00100DEBE01 /* HighlightKeyword.swift */,
				7B2419EB28BF4C920023F715 /* Assets.xcassets */,
				7B2419ED28BF4C920023F715 /* Preview Content */,
			);
			path = SearchApp;
			sourceTree = "<group>";
		};
		7B2419ED28BF4C920023F715 /* Preview Content */ = {
			isa = PBXGroup;
			children = (
				7B2419EE28BF4C920023F715 /* Preview Assets.xcassets */,
			);
			path = "Preview Content";
			sourceTree = "<group>";
		};
		7B2419F728BF4C920023F715 /* SearchAppTests */ = {
			isa = PBXGroup;
			children = (
				7B2419F828BF4C920023F715 /* SearchAPITests.swift */,
				7BB7BA6028CF2CD600C698DD /* APIResults */,
				7BAC470828D0888F009AB7B5 /* URLSessionDataTaskSpy.swift */,
				7BAC470A28D0892B009AB7B5 /* URLSessionSpy.swift */,
				7B56193528FEE2E200C226C1 /* SearchKeywordCheckerTests.swift */,
			);
			path = SearchAppTests;
			sourceTree = "<group>";
		};
		7B241A0128BF4C920023F715 /* SearchAppUITests */ = {
			isa = PBXGroup;
			children = (
				7B241A0228BF4C920023F715 /* SearchAppUITests.swift */,
				7B241A0428BF4C920023F715 /* SearchAppUITestsLaunchTests.swift */,
			);
			path = SearchAppUITests;
			sourceTree = "<group>";
		};
		7B3EEAEC28F7E9A600E1A3CC /* WebView */ = {
			isa = PBXGroup;
			children = (
				7B88A56428EEE1A000B65ED3 /* SwiftUIWebView.swift */,
				7B3EEAED28F7E9E700E1A3CC /* WebViewController.xib */,
				7B3EEAEF28F7EC8400E1A3CC /* WebViewController.swift */,
			);
			path = WebView;
			sourceTree = "<group>";
		};
		7B6EB46E28D08D9C006D2A2C /* MockData */ = {
			isa = PBXGroup;
			children = (
				7BB7BA6128CF2CD600C698DD /* news.json */,
				7BB7BA6228CF2CD600C698DD /* image.json */,
				7BB7BA6328CF2CD600C698DD /* blog.json */,
			);
			path = MockData;
			sourceTree = "<group>";
		};
		7B7A7BF328BF502C001E50FD /* Views */ = {
			isa = PBXGroup;
			children = (
				7BA48D3028D2E781000FA056 /* Result */,
				7BF6492628C4C0B6002160E7 /* Main */,
			);
			path = Views;
			sourceTree = "<group>";
		};
		7BA2ADFA28F995CE00107459 /* List */ = {
			isa = PBXGroup;
			children = (
				7BA48D2B28D2E382000FA056 /* Row */,
				7BA48D2E28D2E76D000FA056 /* BlogListView.swift */,
				7BF6492428C49EA8002160E7 /* NewsListView.swift */,
				7BCE44A128D60C3000994810 /* ImageListView.swift */,
			);
			path = List;
			sourceTree = "<group>";
		};
		7BA48D2B28D2E382000FA056 /* Row */ = {
			isa = PBXGroup;
			children = (
				7B7A7BF428BF5046001E50FD /* NewsRow.swift */,
				7BB7BA6D28CF3F7300C698DD /* BlogRow.swift */,
				7BCE449F28D60A6B00994810 /* ImageRow.swift */,
			);
			path = Row;
			sourceTree = "<group>";
		};
		7BA48D3028D2E781000FA056 /* Result */ = {
			isa = PBXGroup;
			children = (
				7BA2ADFA28F995CE00107459 /* List */,
				7B3EEAEC28F7E9A600E1A3CC /* WebView */,
				7BA48D2C28D2E3A4000FA056 /* ResultMainView.swift */,
				7BA2ADF828F9951B00107459 /* ImageDetail.swift */,
			);
			path = Result;
			sourceTree = "<group>";
		};
		7BB7BA6028CF2CD600C698DD /* APIResults */ = {
			isa = PBXGroup;
			children = (
				7B6EB46E28D08D9C006D2A2C /* MockData */,
			);
			path = APIResults;
			sourceTree = "<group>";
		};
		7BF6492628C4C0B6002160E7 /* Main */ = {
			isa = PBXGroup;
			children = (
				7B45617C28C05327008CC18D /* SearchMainView.swift */,
				7BF6492728C4C0E8002160E7 /* SearchBoxView.swift */,
				7B56193328FEDD6600C226C1 /* SearchKeywordChecker.swift */,
			);
			path = Main;
			sourceTree = "<group>";
		};
/* End PBXGroup section */

/* Begin PBXNativeTarget section */
		7B2419E328BF4C910023F715 /* SearchApp */ = {
			isa = PBXNativeTarget;
			buildConfigurationList = 7B241A0828BF4C920023F715 /* Build configuration list for PBXNativeTarget "SearchApp" */;
			buildPhases = (
				7B2419E028BF4C910023F715 /* Sources */,
				7B2419E128BF4C910023F715 /* Frameworks */,
				7B2419E228BF4C910023F715 /* Resources */,
			);
			buildRules = (
			);
			dependencies = (
			);
			name = SearchApp;
			productName = SearchApp;
			productReference = 7B2419E428BF4C910023F715 /* SearchApp.app */;
			productType = "com.apple.product-type.application";
		};
		7B2419F328BF4C920023F715 /* SearchAppTests */ = {
			isa = PBXNativeTarget;
			buildConfigurationList = 7B241A0B28BF4C920023F715 /* Build configuration list for PBXNativeTarget "SearchAppTests" */;
			buildPhases = (
				7B2419F028BF4C920023F715 /* Sources */,
				7B2419F128BF4C920023F715 /* Frameworks */,
				7B2419F228BF4C920023F715 /* Resources */,
			);
			buildRules = (
			);
			dependencies = (
				7B2419F628BF4C920023F715 /* PBXTargetDependency */,
			);
			name = SearchAppTests;
			productName = SearchAppTests;
			productReference = 7B2419F428BF4C920023F715 /* SearchAppTests.xctest */;
			productType = "com.apple.product-type.bundle.unit-test";
		};
		7B2419FD28BF4C920023F715 /* SearchAppUITests */ = {
			isa = PBXNativeTarget;
			buildConfigurationList = 7B241A0E28BF4C920023F715 /* Build configuration list for PBXNativeTarget "SearchAppUITests" */;
			buildPhases = (
				7B2419FA28BF4C920023F715 /* Sources */,
				7B2419FB28BF4C920023F715 /* Frameworks */,
				7B2419FC28BF4C920023F715 /* Resources */,
			);
			buildRules = (
			);
			dependencies = (
				7B241A0028BF4C920023F715 /* PBXTargetDependency */,
			);
			name = SearchAppUITests;
			productName = SearchAppUITests;
			productReference = 7B2419FE28BF4C920023F715 /* SearchAppUITests.xctest */;
			productType = "com.apple.product-type.bundle.ui-testing";
		};
/* End PBXNativeTarget section */

/* Begin PBXProject section */
		7B2419DC28BF4C910023F715 /* Project object */ = {
			isa = PBXProject;
			attributes = {
				BuildIndependentTargetsInParallel = 1;
				LastSwiftUpdateCheck = 1340;
				LastUpgradeCheck = 1340;
				TargetAttributes = {
					7B2419E328BF4C910023F715 = {
						CreatedOnToolsVersion = 13.4.1;
					};
					7B2419F328BF4C920023F715 = {
						CreatedOnToolsVersion = 13.4.1;
						TestTargetID = 7B2419E328BF4C910023F715;
					};
					7B2419FD28BF4C920023F715 = {
						CreatedOnToolsVersion = 13.4.1;
						TestTargetID = 7B2419E328BF4C910023F715;
					};
				};
			};
			buildConfigurationList = 7B2419DF28BF4C910023F715 /* Build configuration list for PBXProject "SearchApp" */;
			compatibilityVersion = "Xcode 13.0";
			developmentRegion = en;
			hasScannedForEncodings = 0;
			knownRegions = (
				en,
				Base,
			);
			mainGroup = 7B2419DB28BF4C910023F715;
			productRefGroup = 7B2419E528BF4C910023F715 /* Products */;
			projectDirPath = "";
			projectRoot = "";
			targets = (
				7B2419E328BF4C910023F715 /* SearchApp */,
				7B2419F328BF4C920023F715 /* SearchAppTests */,
				7B2419FD28BF4C920023F715 /* SearchAppUITests */,
			);
		};
/* End PBXProject section */

/* Begin PBXResourcesBuildPhase section */
		7B2419E228BF4C910023F715 /* Resources */ = {
			isa = PBXResourcesBuildPhase;
			buildActionMask = 2147483647;
			files = (
				7B2419EF28BF4C920023F715 /* Preview Assets.xcassets in Resources */,
				7B2419EC28BF4C920023F715 /* Assets.xcassets in Resources */,
				7B3EEAEE28F7E9E700E1A3CC /* WebViewController.xib in Resources */,
			);
			runOnlyForDeploymentPostprocessing = 0;
		};
		7B2419F228BF4C920023F715 /* Resources */ = {
			isa = PBXResourcesBuildPhase;
			buildActionMask = 2147483647;
			files = (
				7BB7BA6428CF2CD600C698DD /* news.json in Resources */,
				7BB7BA6528CF2CD600C698DD /* image.json in Resources */,
				7BB7BA6628CF2CD600C698DD /* blog.json in Resources */,
			);
			runOnlyForDeploymentPostprocessing = 0;
		};
		7B2419FC28BF4C920023F715 /* Resources */ = {
			isa = PBXResourcesBuildPhase;
			buildActionMask = 2147483647;
			files = (
			);
			runOnlyForDeploymentPostprocessing = 0;
		};
/* End PBXResourcesBuildPhase section */

/* Begin PBXSourcesBuildPhase section */
		7B2419E028BF4C910023F715 /* Sources */ = {
			isa = PBXSourcesBuildPhase;
			buildActionMask = 2147483647;
			files = (
				7B21F86E28C8DB2B00419E1B /* SearchAPI.swift in Sources */,
				7B3EEAF028F7EC8400E1A3CC /* WebViewController.swift in Sources */,
				7BB7BA5928CF2B8D00C698DD /* SearchType.swift in Sources */,
				7B56193428FEDD6600C226C1 /* SearchKeywordChecker.swift in Sources */,
				7B45617D28C05327008CC18D /* SearchMainView.swift in Sources */,
				7B21F86B28C7786E00419E1B /* Photo.swift in Sources */,
				7BCE44A028D60A6B00994810 /* ImageRow.swift in Sources */,
				7BA2ADF928F9951B00107459 /* ImageDetail.swift in Sources */,
				7BB7BA6E28CF3F7300C698DD /* BlogRow.swift in Sources */,
				7B9BB47328E1E00100DEBE01 /* HighlightKeyword.swift in Sources */,
				7B2419EA28BF4C910023F715 /* ContentView.swift in Sources */,
				7BB7BA6828CF2CF200C698DD /* APIResult.swift in Sources */,
				7BCE44A228D60C3000994810 /* ImageListView.swift in Sources */,
				7B21F86928C7783A00419E1B /* News.swift in Sources */,
				7BA48D2D28D2E3A4000FA056 /* ResultMainView.swift in Sources */,
				7B7A7BF528BF5046001E50FD /* NewsRow.swift in Sources */,
				7B88A56528EEE1A000B65ED3 /* SwiftUIWebView.swift in Sources */,
				7BA48D2F28D2E76D000FA056 /* BlogListView.swift in Sources */,
				7BF6492528C49EA8002160E7 /* NewsListView.swift in Sources */,
				7B21F86728C7777300419E1B /* Blog.swift in Sources */,
				7BF6492828C4C0E8002160E7 /* SearchBoxView.swift in Sources */,
				7B2419E828BF4C910023F715 /* SearchAppApp.swift in Sources */,
			);
			runOnlyForDeploymentPostprocessing = 0;
		};
		7B2419F028BF4C920023F715 /* Sources */ = {
			isa = PBXSourcesBuildPhase;
			buildActionMask = 2147483647;
			files = (
				7BAC470B28D0892B009AB7B5 /* URLSessionSpy.swift in Sources */,
				7B56193628FEE2E200C226C1 /* SearchKeywordCheckerTests.swift in Sources */,
				7B2419F928BF4C920023F715 /* SearchAPITests.swift in Sources */,
				7BAC470928D0888F009AB7B5 /* URLSessionDataTaskSpy.swift in Sources */,
			);
			runOnlyForDeploymentPostprocessing = 0;
		};
		7B2419FA28BF4C920023F715 /* Sources */ = {
			isa = PBXSourcesBuildPhase;
			buildActionMask = 2147483647;
			files = (
				7B241A0528BF4C920023F715 /* SearchAppUITestsLaunchTests.swift in Sources */,
				7B241A0328BF4C920023F715 /* SearchAppUITests.swift in Sources */,
			);
			runOnlyForDeploymentPostprocessing = 0;
		};
/* End PBXSourcesBuildPhase section */

/* Begin PBXTargetDependency section */
		7B2419F628BF4C920023F715 /* PBXTargetDependency */ = {
			isa = PBXTargetDependency;
			target = 7B2419E328BF4C910023F715 /* SearchApp */;
			targetProxy = 7B2419F528BF4C920023F715 /* PBXContainerItemProxy */;
		};
		7B241A0028BF4C920023F715 /* PBXTargetDependency */ = {
			isa = PBXTargetDependency;
			target = 7B2419E328BF4C910023F715 /* SearchApp */;
			targetProxy = 7B2419FF28BF4C920023F715 /* PBXContainerItemProxy */;
		};
/* End PBXTargetDependency section */

/* Begin XCBuildConfiguration section */
		7B241A0628BF4C920023F715 /* Debug */ = {
			isa = XCBuildConfiguration;
			buildSettings = {
				ALWAYS_SEARCH_USER_PATHS = NO;
				CLANG_ANALYZER_NONNULL = YES;
				CLANG_ANALYZER_NUMBER_OBJECT_CONVERSION = YES_AGGRESSIVE;
				CLANG_CXX_LANGUAGE_STANDARD = "gnu++17";
				CLANG_ENABLE_MODULES = YES;
				CLANG_ENABLE_OBJC_ARC = YES;
				CLANG_ENABLE_OBJC_WEAK = YES;
				CLANG_WARN_BLOCK_CAPTURE_AUTORELEASING = YES;
				CLANG_WARN_BOOL_CONVERSION = YES;
				CLANG_WARN_COMMA = YES;
				CLANG_WARN_CONSTANT_CONVERSION = YES;
				CLANG_WARN_DEPRECATED_OBJC_IMPLEMENTATIONS = YES;
				CLANG_WARN_DIRECT_OBJC_ISA_USAGE = YES_ERROR;
				CLANG_WARN_DOCUMENTATION_COMMENTS = YES;
				CLANG_WARN_EMPTY_BODY = YES;
				CLANG_WARN_ENUM_CONVERSION = YES;
				CLANG_WARN_INFINITE_RECURSION = YES;
				CLANG_WARN_INT_CONVERSION = YES;
				CLANG_WARN_NON_LITERAL_NULL_CONVERSION = YES;
				CLANG_WARN_OBJC_IMPLICIT_RETAIN_SELF = YES;
				CLANG_WARN_OBJC_LITERAL_CONVERSION = YES;
				CLANG_WARN_OBJC_ROOT_CLASS = YES_ERROR;
				CLANG_WARN_QUOTED_INCLUDE_IN_FRAMEWORK_HEADER = YES;
				CLANG_WARN_RANGE_LOOP_ANALYSIS = YES;
				CLANG_WARN_STRICT_PROTOTYPES = YES;
				CLANG_WARN_SUSPICIOUS_MOVE = YES;
				CLANG_WARN_UNGUARDED_AVAILABILITY = YES_AGGRESSIVE;
				CLANG_WARN_UNREACHABLE_CODE = YES;
				CLANG_WARN__DUPLICATE_METHOD_MATCH = YES;
				COPY_PHASE_STRIP = NO;
				DEBUG_INFORMATION_FORMAT = dwarf;
				ENABLE_STRICT_OBJC_MSGSEND = YES;
				ENABLE_TESTABILITY = YES;
				GCC_C_LANGUAGE_STANDARD = gnu11;
				GCC_DYNAMIC_NO_PIC = NO;
				GCC_NO_COMMON_BLOCKS = YES;
				GCC_OPTIMIZATION_LEVEL = 0;
				GCC_PREPROCESSOR_DEFINITIONS = (
					"DEBUG=1",
					"$(inherited)",
				);
				GCC_WARN_64_TO_32_BIT_CONVERSION = YES;
				GCC_WARN_ABOUT_RETURN_TYPE = YES_ERROR;
				GCC_WARN_UNDECLARED_SELECTOR = YES;
				GCC_WARN_UNINITIALIZED_AUTOS = YES_AGGRESSIVE;
				GCC_WARN_UNUSED_FUNCTION = YES;
				GCC_WARN_UNUSED_VARIABLE = YES;
				IPHONEOS_DEPLOYMENT_TARGET = 15.5;
				MTL_ENABLE_DEBUG_INFO = INCLUDE_SOURCE;
				MTL_FAST_MATH = YES;
				ONLY_ACTIVE_ARCH = YES;
				SDKROOT = iphoneos;
				SWIFT_ACTIVE_COMPILATION_CONDITIONS = DEBUG;
				SWIFT_OPTIMIZATION_LEVEL = "-Onone";
			};
			name = Debug;
		};
		7B241A0728BF4C920023F715 /* Release */ = {
			isa = XCBuildConfiguration;
			buildSettings = {
				ALWAYS_SEARCH_USER_PATHS = NO;
				CLANG_ANALYZER_NONNULL = YES;
				CLANG_ANALYZER_NUMBER_OBJECT_CONVERSION = YES_AGGRESSIVE;
				CLANG_CXX_LANGUAGE_STANDARD = "gnu++17";
				CLANG_ENABLE_MODULES = YES;
				CLANG_ENABLE_OBJC_ARC = YES;
				CLANG_ENABLE_OBJC_WEAK = YES;
				CLANG_WARN_BLOCK_CAPTURE_AUTORELEASING = YES;
				CLANG_WARN_BOOL_CONVERSION = YES;
				CLANG_WARN_COMMA = YES;
				CLANG_WARN_CONSTANT_CONVERSION = YES;
				CLANG_WARN_DEPRECATED_OBJC_IMPLEMENTATIONS = YES;
				CLANG_WARN_DIRECT_OBJC_ISA_USAGE = YES_ERROR;
				CLANG_WARN_DOCUMENTATION_COMMENTS = YES;
				CLANG_WARN_EMPTY_BODY = YES;
				CLANG_WARN_ENUM_CONVERSION = YES;
				CLANG_WARN_INFINITE_RECURSION = YES;
				CLANG_WARN_INT_CONVERSION = YES;
				CLANG_WARN_NON_LITERAL_NULL_CONVERSION = YES;
				CLANG_WARN_OBJC_IMPLICIT_RETAIN_SELF = YES;
				CLANG_WARN_OBJC_LITERAL_CONVERSION = YES;
				CLANG_WARN_OBJC_ROOT_CLASS = YES_ERROR;
				CLANG_WARN_QUOTED_INCLUDE_IN_FRAMEWORK_HEADER = YES;
				CLANG_WARN_RANGE_LOOP_ANALYSIS = YES;
				CLANG_WARN_STRICT_PROTOTYPES = YES;
				CLANG_WARN_SUSPICIOUS_MOVE = YES;
				CLANG_WARN_UNGUARDED_AVAILABILITY = YES_AGGRESSIVE;
				CLANG_WARN_UNREACHABLE_CODE = YES;
				CLANG_WARN__DUPLICATE_METHOD_MATCH = YES;
				COPY_PHASE_STRIP = NO;
				DEBUG_INFORMATION_FORMAT = "dwarf-with-dsym";
				ENABLE_NS_ASSERTIONS = NO;
				ENABLE_STRICT_OBJC_MSGSEND = YES;
				GCC_C_LANGUAGE_STANDARD = gnu11;
				GCC_NO_COMMON_BLOCKS = YES;
				GCC_WARN_64_TO_32_BIT_CONVERSION = YES;
				GCC_WARN_ABOUT_RETURN_TYPE = YES_ERROR;
				GCC_WARN_UNDECLARED_SELECTOR = YES;
				GCC_WARN_UNINITIALIZED_AUTOS = YES_AGGRESSIVE;
				GCC_WARN_UNUSED_FUNCTION = YES;
				GCC_WARN_UNUSED_VARIABLE = YES;
				IPHONEOS_DEPLOYMENT_TARGET = 15.5;
				MTL_ENABLE_DEBUG_INFO = NO;
				MTL_FAST_MATH = YES;
				SDKROOT = iphoneos;
				SWIFT_COMPILATION_MODE = wholemodule;
				SWIFT_OPTIMIZATION_LEVEL = "-O";
				VALIDATE_PRODUCT = YES;
			};
			name = Release;
		};
		7B241A0928BF4C920023F715 /* Debug */ = {
			isa = XCBuildConfiguration;
			buildSettings = {
				ASSETCATALOG_COMPILER_APPICON_NAME = AppIcon;
				ASSETCATALOG_COMPILER_GLOBAL_ACCENT_COLOR_NAME = AccentColor;
				CODE_SIGN_STYLE = Automatic;
				CURRENT_PROJECT_VERSION = 1;
				DEVELOPMENT_ASSET_PATHS = "\"SearchApp/Preview Content\"";
				DEVELOPMENT_TEAM = PS5XYD2TU9;
				ENABLE_PREVIEWS = YES;
				GENERATE_INFOPLIST_FILE = YES;
				INFOPLIST_FILE = SearchApp/Info.plist;
				INFOPLIST_KEY_UIApplicationSceneManifest_Generation = YES;
				INFOPLIST_KEY_UIApplicationSupportsIndirectInputEvents = YES;
				INFOPLIST_KEY_UILaunchScreen_Generation = YES;
				INFOPLIST_KEY_UISupportedInterfaceOrientations_iPad = "UIInterfaceOrientationPortrait UIInterfaceOrientationPortraitUpsideDown UIInterfaceOrientationLandscapeLeft UIInterfaceOrientationLandscapeRight";
				INFOPLIST_KEY_UISupportedInterfaceOrientations_iPhone = "UIInterfaceOrientationPortrait UIInterfaceOrientationLandscapeLeft UIInterfaceOrientationLandscapeRight";
				LD_RUNPATH_SEARCH_PATHS = (
					"$(inherited)",
					"@executable_path/Frameworks",
				);
				MARKETING_VERSION = 1.0;
				PRODUCT_BUNDLE_IDENTIFIER = com.example.chenjoo.SearchApp;
				PRODUCT_NAME = "$(TARGET_NAME)";
				SWIFT_EMIT_LOC_STRINGS = YES;
				SWIFT_VERSION = 5.0;
				TARGETED_DEVICE_FAMILY = "1,2";
			};
			name = Debug;
		};
		7B241A0A28BF4C920023F715 /* Release */ = {
			isa = XCBuildConfiguration;
			buildSettings = {
				ASSETCATALOG_COMPILER_APPICON_NAME = AppIcon;
				ASSETCATALOG_COMPILER_GLOBAL_ACCENT_COLOR_NAME = AccentColor;
				CODE_SIGN_STYLE = Automatic;
				CURRENT_PROJECT_VERSION = 1;
				DEVELOPMENT_ASSET_PATHS = "\"SearchApp/Preview Content\"";
				DEVELOPMENT_TEAM = PS5XYD2TU9;
				ENABLE_PREVIEWS = YES;
				GENERATE_INFOPLIST_FILE = YES;
				INFOPLIST_FILE = SearchApp/Info.plist;
				INFOPLIST_KEY_UIApplicationSceneManifest_Generation = YES;
				INFOPLIST_KEY_UIApplicationSupportsIndirectInputEvents = YES;
				INFOPLIST_KEY_UILaunchScreen_Generation = YES;
				INFOPLIST_KEY_UISupportedInterfaceOrientations_iPad = "UIInterfaceOrientationPortrait UIInterfaceOrientationPortraitUpsideDown UIInterfaceOrientationLandscapeLeft UIInterfaceOrientationLandscapeRight";
				INFOPLIST_KEY_UISupportedInterfaceOrientations_iPhone = "UIInterfaceOrientationPortrait UIInterfaceOrientationLandscapeLeft UIInterfaceOrientationLandscapeRight";
				LD_RUNPATH_SEARCH_PATHS = (
					"$(inherited)",
					"@executable_path/Frameworks",
				);
				MARKETING_VERSION = 1.0;
				PRODUCT_BUNDLE_IDENTIFIER = com.example.chenjoo.SearchApp;
				PRODUCT_NAME = "$(TARGET_NAME)";
				SWIFT_EMIT_LOC_STRINGS = YES;
				SWIFT_VERSION = 5.0;
				TARGETED_DEVICE_FAMILY = "1,2";
			};
			name = Release;
		};
		7B241A0C28BF4C920023F715 /* Debug */ = {
			isa = XCBuildConfiguration;
			buildSettings = {
				ALWAYS_EMBED_SWIFT_STANDARD_LIBRARIES = YES;
				BUNDLE_LOADER = "$(TEST_HOST)";
				CODE_SIGN_STYLE = Automatic;
				CURRENT_PROJECT_VERSION = 1;
				DEVELOPMENT_TEAM = PS5XYD2TU9;
				GENERATE_INFOPLIST_FILE = YES;
				IPHONEOS_DEPLOYMENT_TARGET = 15.5;
				MARKETING_VERSION = 1.0;
				PRODUCT_BUNDLE_IDENTIFIER = com.example.chenjoo.SearchAppTests;
				PRODUCT_NAME = "$(TARGET_NAME)";
				SWIFT_EMIT_LOC_STRINGS = NO;
				SWIFT_VERSION = 5.0;
				TARGETED_DEVICE_FAMILY = "1,2";
				TEST_HOST = "$(BUILT_PRODUCTS_DIR)/SearchApp.app/SearchApp";
			};
			name = Debug;
		};
		7B241A0D28BF4C920023F715 /* Release */ = {
			isa = XCBuildConfiguration;
			buildSettings = {
				ALWAYS_EMBED_SWIFT_STANDARD_LIBRARIES = YES;
				BUNDLE_LOADER = "$(TEST_HOST)";
				CODE_SIGN_STYLE = Automatic;
				CURRENT_PROJECT_VERSION = 1;
				DEVELOPMENT_TEAM = PS5XYD2TU9;
				GENERATE_INFOPLIST_FILE = YES;
				IPHONEOS_DEPLOYMENT_TARGET = 15.5;
				MARKETING_VERSION = 1.0;
				PRODUCT_BUNDLE_IDENTIFIER = com.example.chenjoo.SearchAppTests;
				PRODUCT_NAME = "$(TARGET_NAME)";
				SWIFT_EMIT_LOC_STRINGS = NO;
				SWIFT_VERSION = 5.0;
				TARGETED_DEVICE_FAMILY = "1,2";
				TEST_HOST = "$(BUILT_PRODUCTS_DIR)/SearchApp.app/SearchApp";
			};
			name = Release;
		};
		7B241A0F28BF4C920023F715 /* Debug */ = {
			isa = XCBuildConfiguration;
			buildSettings = {
				ALWAYS_EMBED_SWIFT_STANDARD_LIBRARIES = YES;
				CODE_SIGN_STYLE = Automatic;
				CURRENT_PROJECT_VERSION = 1;
				DEVELOPMENT_TEAM = PS5XYD2TU9;
				GENERATE_INFOPLIST_FILE = YES;
				MARKETING_VERSION = 1.0;
				PRODUCT_BUNDLE_IDENTIFIER = com.example.chenjoo.SearchAppUITests;
				PRODUCT_NAME = "$(TARGET_NAME)";
				SWIFT_EMIT_LOC_STRINGS = NO;
				SWIFT_VERSION = 5.0;
				TARGETED_DEVICE_FAMILY = "1,2";
				TEST_TARGET_NAME = SearchApp;
			};
			name = Debug;
		};
		7B241A1028BF4C920023F715 /* Release */ = {
			isa = XCBuildConfiguration;
			buildSettings = {
				ALWAYS_EMBED_SWIFT_STANDARD_LIBRARIES = YES;
				CODE_SIGN_STYLE = Automatic;
				CURRENT_PROJECT_VERSION = 1;
				DEVELOPMENT_TEAM = PS5XYD2TU9;
				GENERATE_INFOPLIST_FILE = YES;
				MARKETING_VERSION = 1.0;
				PRODUCT_BUNDLE_IDENTIFIER = com.example.chenjoo.SearchAppUITests;
				PRODUCT_NAME = "$(TARGET_NAME)";
				SWIFT_EMIT_LOC_STRINGS = NO;
				SWIFT_VERSION = 5.0;
				TARGETED_DEVICE_FAMILY = "1,2";
				TEST_TARGET_NAME = SearchApp;
			};
			name = Release;
		};
/* End XCBuildConfiguration section */

/* Begin XCConfigurationList section */
		7B2419DF28BF4C910023F715 /* Build configuration list for PBXProject "SearchApp" */ = {
			isa = XCConfigurationList;
			buildConfigurations = (
				7B241A0628BF4C920023F715 /* Debug */,
				7B241A0728BF4C920023F715 /* Release */,
			);
			defaultConfigurationIsVisible = 0;
			defaultConfigurationName = Release;
		};
		7B241A0828BF4C920023F715 /* Build configuration list for PBXNativeTarget "SearchApp" */ = {
			isa = XCConfigurationList;
			buildConfigurations = (
				7B241A0928BF4C920023F715 /* Debug */,
				7B241A0A28BF4C920023F715 /* Release */,
			);
			defaultConfigurationIsVisible = 0;
			defaultConfigurationName = Release;
		};
		7B241A0B28BF4C920023F715 /* Build configuration list for PBXNativeTarget "SearchAppTests" */ = {
			isa = XCConfigurationList;
			buildConfigurations = (
				7B241A0C28BF4C920023F715 /* Debug */,
				7B241A0D28BF4C920023F715 /* Release */,
			);
			defaultConfigurationIsVisible = 0;
			defaultConfigurationName = Release;
		};
		7B241A0E28BF4C920023F715 /* Build configuration list for PBXNativeTarget "SearchAppUITests" */ = {
			isa = XCConfigurationList;
			buildConfigurations = (
				7B241A0F28BF4C920023F715 /* Debug */,
				7B241A1028BF4C920023F715 /* Release */,
			);
			defaultConfigurationIsVisible = 0;
			defaultConfigurationName = Release;
		};
/* End XCConfigurationList section */
	};
	rootObject = 7B2419DC28BF4C910023F715 /* Project object */;
}
