// !$*UTF8*$!
{
	archiveVersion = 1;
	classes = {
	};
	objectVersion = 55;
	objects = {

/* Begin PBXBuildFile section */
		7B72365F28BF4170002259ED /* SearchAppApp.swift in Sources */ = {isa = PBXBuildFile; fileRef = 7B72365E28BF4170002259ED /* SearchAppApp.swift */; };
		7B72366128BF4170002259ED /* ContentView.swift in Sources */ = {isa = PBXBuildFile; fileRef = 7B72366028BF4170002259ED /* ContentView.swift */; };
		7B72366328BF4171002259ED /* Assets.xcassets in Resources */ = {isa = PBXBuildFile; fileRef = 7B72366228BF4171002259ED /* Assets.xcassets */; };
		7B72366628BF4171002259ED /* Preview Assets.xcassets in Resources */ = {isa = PBXBuildFile; fileRef = 7B72366528BF4171002259ED /* Preview Assets.xcassets */; };
		7B72367128BF4171002259ED /* SearchAppTests.swift in Sources */ = {isa = PBXBuildFile; fileRef = 7B72367028BF4171002259ED /* SearchAppTests.swift */; };
		7B72367B28BF4171002259ED /* SearchAppUITests.swift in Sources */ = {isa = PBXBuildFile; fileRef = 7B72367A28BF4171002259ED /* SearchAppUITests.swift */; };
		7B72367D28BF4171002259ED /* SearchAppUITestsLaunchTests.swift in Sources */ = {isa = PBXBuildFile; fileRef = 7B72367C28BF4171002259ED /* SearchAppUITestsLaunchTests.swift */; };
/* End PBXBuildFile section */

/* Begin PBXContainerItemProxy section */
		7B72366D28BF4171002259ED /* PBXContainerItemProxy */ = {
			isa = PBXContainerItemProxy;
			containerPortal = 7B72365328BF4170002259ED /* Project object */;
			proxyType = 1;
			remoteGlobalIDString = 7B72365A28BF4170002259ED;
			remoteInfo = SearchApp;
		};
		7B72367728BF4171002259ED /* PBXContainerItemProxy */ = {
			isa = PBXContainerItemProxy;
			containerPortal = 7B72365328BF4170002259ED /* Project object */;
			proxyType = 1;
			remoteGlobalIDString = 7B72365A28BF4170002259ED;
			remoteInfo = SearchApp;
		};
/* End PBXContainerItemProxy section */

/* Begin PBXFileReference section */
		7B72365B28BF4170002259ED /* SearchApp.app */ = {isa = PBXFileReference; explicitFileType = wrapper.application; includeInIndex = 0; path = SearchApp.app; sourceTree = BUILT_PRODUCTS_DIR; };
		7B72365E28BF4170002259ED /* SearchAppApp.swift */ = {isa = PBXFileReference; lastKnownFileType = sourcecode.swift; path = SearchAppApp.swift; sourceTree = "<group>"; };
		7B72366028BF4170002259ED /* ContentView.swift */ = {isa = PBXFileReference; lastKnownFileType = sourcecode.swift; path = ContentView.swift; sourceTree = "<group>"; };
		7B72366228BF4171002259ED /* Assets.xcassets */ = {isa = PBXFileReference; lastKnownFileType = folder.assetcatalog; path = Assets.xcassets; sourceTree = "<group>"; };
		7B72366528BF4171002259ED /* Preview Assets.xcassets */ = {isa = PBXFileReference; lastKnownFileType = folder.assetcatalog; path = "Preview Assets.xcassets"; sourceTree = "<group>"; };
		7B72366728BF4171002259ED /* SearchApp.entitlements */ = {isa = PBXFileReference; lastKnownFileType = text.plist.entitlements; path = SearchApp.entitlements; sourceTree = "<group>"; };
		7B72366C28BF4171002259ED /* SearchAppTests.xctest */ = {isa = PBXFileReference; explicitFileType = wrapper.cfbundle; includeInIndex = 0; path = SearchAppTests.xctest; sourceTree = BUILT_PRODUCTS_DIR; };
		7B72367028BF4171002259ED /* SearchAppTests.swift */ = {isa = PBXFileReference; lastKnownFileType = sourcecode.swift; path = SearchAppTests.swift; sourceTree = "<group>"; };
		7B72367628BF4171002259ED /* SearchAppUITests.xctest */ = {isa = PBXFileReference; explicitFileType = wrapper.cfbundle; includeInIndex = 0; path = SearchAppUITests.xctest; sourceTree = BUILT_PRODUCTS_DIR; };
		7B72367A28BF4171002259ED /* SearchAppUITests.swift */ = {isa = PBXFileReference; lastKnownFileType = sourcecode.swift; path = SearchAppUITests.swift; sourceTree = "<group>"; };
		7B72367C28BF4171002259ED /* SearchAppUITestsLaunchTests.swift */ = {isa = PBXFileReference; lastKnownFileType = sourcecode.swift; path = SearchAppUITestsLaunchTests.swift; sourceTree = "<group>"; };
/* End PBXFileReference section */

/* Begin PBXFrameworksBuildPhase section */
		7B72365828BF4170002259ED /* Frameworks */ = {
			isa = PBXFrameworksBuildPhase;
			buildActionMask = 2147483647;
			files = (
			);
			runOnlyForDeploymentPostprocessing = 0;
		};
		7B72366928BF4171002259ED /* Frameworks */ = {
			isa = PBXFrameworksBuildPhase;
			buildActionMask = 2147483647;
			files = (
			);
			runOnlyForDeploymentPostprocessing = 0;
		};
		7B72367328BF4171002259ED /* Frameworks */ = {
			isa = PBXFrameworksBuildPhase;
			buildActionMask = 2147483647;
			files = (
			);
			runOnlyForDeploymentPostprocessing = 0;
		};
/* End PBXFrameworksBuildPhase section */

/* Begin PBXGroup section */
		7B72365228BF4170002259ED = {
			isa = PBXGroup;
			children = (
				7B72365D28BF4170002259ED /* SearchApp */,
				7B72366F28BF4171002259ED /* SearchAppTests */,
				7B72367928BF4171002259ED /* SearchAppUITests */,
				7B72365C28BF4170002259ED /* Products */,
			);
			sourceTree = "<group>";
		};
		7B72365C28BF4170002259ED /* Products */ = {
			isa = PBXGroup;
			children = (
				7B72365B28BF4170002259ED /* SearchApp.app */,
				7B72366C28BF4171002259ED /* SearchAppTests.xctest */,
				7B72367628BF4171002259ED /* SearchAppUITests.xctest */,
			);
			name = Products;
			sourceTree = "<group>";
		};
		7B72365D28BF4170002259ED /* SearchApp */ = {
			isa = PBXGroup;
			children = (
				7B72365E28BF4170002259ED /* SearchAppApp.swift */,
				7B72366028BF4170002259ED /* ContentView.swift */,
				7B72366228BF4171002259ED /* Assets.xcassets */,
				7B72366728BF4171002259ED /* SearchApp.entitlements */,
				7B72366428BF4171002259ED /* Preview Content */,
			);
			path = SearchApp;
			sourceTree = "<group>";
		};
		7B72366428BF4171002259ED /* Preview Content */ = {
			isa = PBXGroup;
			children = (
				7B72366528BF4171002259ED /* Preview Assets.xcassets */,
			);
			path = "Preview Content";
			sourceTree = "<group>";
		};
		7B72366F28BF4171002259ED /* SearchAppTests */ = {
			isa = PBXGroup;
			children = (
				7B72367028BF4171002259ED /* SearchAppTests.swift */,
			);
			path = SearchAppTests;
			sourceTree = "<group>";
		};
		7B72367928BF4171002259ED /* SearchAppUITests */ = {
			isa = PBXGroup;
			children = (
				7B72367A28BF4171002259ED /* SearchAppUITests.swift */,
				7B72367C28BF4171002259ED /* SearchAppUITestsLaunchTests.swift */,
			);
			path = SearchAppUITests;
			sourceTree = "<group>";
		};
/* End PBXGroup section */

/* Begin PBXNativeTarget section */
		7B72365A28BF4170002259ED /* SearchApp */ = {
			isa = PBXNativeTarget;
			buildConfigurationList = 7B72368028BF4171002259ED /* Build configuration list for PBXNativeTarget "SearchApp" */;
			buildPhases = (
				7B72365728BF4170002259ED /* Sources */,
				7B72365828BF4170002259ED /* Frameworks */,
				7B72365928BF4170002259ED /* Resources */,
			);
			buildRules = (
			);
			dependencies = (
			);
			name = SearchApp;
			productName = SearchApp;
			productReference = 7B72365B28BF4170002259ED /* SearchApp.app */;
			productType = "com.apple.product-type.application";
		};
		7B72366B28BF4171002259ED /* SearchAppTests */ = {
			isa = PBXNativeTarget;
			buildConfigurationList = 7B72368328BF4171002259ED /* Build configuration list for PBXNativeTarget "SearchAppTests" */;
			buildPhases = (
				7B72366828BF4171002259ED /* Sources */,
				7B72366928BF4171002259ED /* Frameworks */,
				7B72366A28BF4171002259ED /* Resources */,
			);
			buildRules = (
			);
			dependencies = (
				7B72366E28BF4171002259ED /* PBXTargetDependency */,
			);
			name = SearchAppTests;
			productName = SearchAppTests;
			productReference = 7B72366C28BF4171002259ED /* SearchAppTests.xctest */;
			productType = "com.apple.product-type.bundle.unit-test";
		};
		7B72367528BF4171002259ED /* SearchAppUITests */ = {
			isa = PBXNativeTarget;
			buildConfigurationList = 7B72368628BF4171002259ED /* Build configuration list for PBXNativeTarget "SearchAppUITests" */;
			buildPhases = (
				7B72367228BF4171002259ED /* Sources */,
				7B72367328BF4171002259ED /* Frameworks */,
				7B72367428BF4171002259ED /* Resources */,
			);
			buildRules = (
			);
			dependencies = (
				7B72367828BF4171002259ED /* PBXTargetDependency */,
			);
			name = SearchAppUITests;
			productName = SearchAppUITests;
			productReference = 7B72367628BF4171002259ED /* SearchAppUITests.xctest */;
			productType = "com.apple.product-type.bundle.ui-testing";
		};
/* End PBXNativeTarget section */

/* Begin PBXProject section */
		7B72365328BF4170002259ED /* Project object */ = {
			isa = PBXProject;
			attributes = {
				BuildIndependentTargetsInParallel = 1;
				LastSwiftUpdateCheck = 1340;
				LastUpgradeCheck = 1340;
				TargetAttributes = {
					7B72365A28BF4170002259ED = {
						CreatedOnToolsVersion = 13.4.1;
					};
					7B72366B28BF4171002259ED = {
						CreatedOnToolsVersion = 13.4.1;
						TestTargetID = 7B72365A28BF4170002259ED;
					};
					7B72367528BF4171002259ED = {
						CreatedOnToolsVersion = 13.4.1;
						TestTargetID = 7B72365A28BF4170002259ED;
					};
				};
			};
			buildConfigurationList = 7B72365628BF4170002259ED /* Build configuration list for PBXProject "SearchApp" */;
			compatibilityVersion = "Xcode 13.0";
			developmentRegion = en;
			hasScannedForEncodings = 0;
			knownRegions = (
				en,
				Base,
			);
			mainGroup = 7B72365228BF4170002259ED;
			productRefGroup = 7B72365C28BF4170002259ED /* Products */;
			projectDirPath = "";
			projectRoot = "";
			targets = (
				7B72365A28BF4170002259ED /* SearchApp */,
				7B72366B28BF4171002259ED /* SearchAppTests */,
				7B72367528BF4171002259ED /* SearchAppUITests */,
			);
		};
/* End PBXProject section */

/* Begin PBXResourcesBuildPhase section */
		7B72365928BF4170002259ED /* Resources */ = {
			isa = PBXResourcesBuildPhase;
			buildActionMask = 2147483647;
			files = (
				7B72366628BF4171002259ED /* Preview Assets.xcassets in Resources */,
				7B72366328BF4171002259ED /* Assets.xcassets in Resources */,
			);
			runOnlyForDeploymentPostprocessing = 0;
		};
		7B72366A28BF4171002259ED /* Resources */ = {
			isa = PBXResourcesBuildPhase;
			buildActionMask = 2147483647;
			files = (
			);
			runOnlyForDeploymentPostprocessing = 0;
		};
		7B72367428BF4171002259ED /* Resources */ = {
			isa = PBXResourcesBuildPhase;
			buildActionMask = 2147483647;
			files = (
			);
			runOnlyForDeploymentPostprocessing = 0;
		};
/* End PBXResourcesBuildPhase section */

/* Begin PBXSourcesBuildPhase section */
		7B72365728BF4170002259ED /* Sources */ = {
			isa = PBXSourcesBuildPhase;
			buildActionMask = 2147483647;
			files = (
				7B72366128BF4170002259ED /* ContentView.swift in Sources */,
				7B72365F28BF4170002259ED /* SearchAppApp.swift in Sources */,
			);
			runOnlyForDeploymentPostprocessing = 0;
		};
		7B72366828BF4171002259ED /* Sources */ = {
			isa = PBXSourcesBuildPhase;
			buildActionMask = 2147483647;
			files = (
				7B72367128BF4171002259ED /* SearchAppTests.swift in Sources */,
			);
			runOnlyForDeploymentPostprocessing = 0;
		};
		7B72367228BF4171002259ED /* Sources */ = {
			isa = PBXSourcesBuildPhase;
			buildActionMask = 2147483647;
			files = (
				7B72367D28BF4171002259ED /* SearchAppUITestsLaunchTests.swift in Sources */,
				7B72367B28BF4171002259ED /* SearchAppUITests.swift in Sources */,
			);
			runOnlyForDeploymentPostprocessing = 0;
		};
/* End PBXSourcesBuildPhase section */

/* Begin PBXTargetDependency section */
		7B72366E28BF4171002259ED /* PBXTargetDependency */ = {
			isa = PBXTargetDependency;
			target = 7B72365A28BF4170002259ED /* SearchApp */;
			targetProxy = 7B72366D28BF4171002259ED /* PBXContainerItemProxy */;
		};
		7B72367828BF4171002259ED /* PBXTargetDependency */ = {
			isa = PBXTargetDependency;
			target = 7B72365A28BF4170002259ED /* SearchApp */;
			targetProxy = 7B72367728BF4171002259ED /* PBXContainerItemProxy */;
		};
/* End PBXTargetDependency section */

/* Begin XCBuildConfiguration section */
		7B72367E28BF4171002259ED /* Debug */ = {
			isa = XCBuildConfiguration;
			buildSettings = {
				ALWAYS_SEARCH_USER_PATHS = NO;
				CLANG_ANALYZER_NONNULL = YES;
				CLANG_ANALYZER_NUMBER_OBJECT_CONVERSION = YES_AGGRESSIVE;
				CLANG_CXX_LANGUAGE_STANDARD = "gnu++17";
				CLANG_ENABLE_MODULES = YES;
				CLANG_ENABLE_OBJC_ARC = YES;
				CLANG_ENABLE_OBJC_WEAK = YES;
				CLANG_WARN_BLOCK_CAPTURE_AUTORELEASING = YES;
				CLANG_WARN_BOOL_CONVERSION = YES;
				CLANG_WARN_COMMA = YES;
				CLANG_WARN_CONSTANT_CONVERSION = YES;
				CLANG_WARN_DEPRECATED_OBJC_IMPLEMENTATIONS = YES;
				CLANG_WARN_DIRECT_OBJC_ISA_USAGE = YES_ERROR;
				CLANG_WARN_DOCUMENTATION_COMMENTS = YES;
				CLANG_WARN_EMPTY_BODY = YES;
				CLANG_WARN_ENUM_CONVERSION = YES;
				CLANG_WARN_INFINITE_RECURSION = YES;
				CLANG_WARN_INT_CONVERSION = YES;
				CLANG_WARN_NON_LITERAL_NULL_CONVERSION = YES;
				CLANG_WARN_OBJC_IMPLICIT_RETAIN_SELF = YES;
				CLANG_WARN_OBJC_LITERAL_CONVERSION = YES;
				CLANG_WARN_OBJC_ROOT_CLASS = YES_ERROR;
				CLANG_WARN_QUOTED_INCLUDE_IN_FRAMEWORK_HEADER = YES;
				CLANG_WARN_RANGE_LOOP_ANALYSIS = YES;
				CLANG_WARN_STRICT_PROTOTYPES = YES;
				CLANG_WARN_SUSPICIOUS_MOVE = YES;
				CLANG_WARN_UNGUARDED_AVAILABILITY = YES_AGGRESSIVE;
				CLANG_WARN_UNREACHABLE_CODE = YES;
				CLANG_WARN__DUPLICATE_METHOD_MATCH = YES;
				COPY_PHASE_STRIP = NO;
				DEBUG_INFORMATION_FORMAT = dwarf;
				ENABLE_STRICT_OBJC_MSGSEND = YES;
				ENABLE_TESTABILITY = YES;
				GCC_C_LANGUAGE_STANDARD = gnu11;
				GCC_DYNAMIC_NO_PIC = NO;
				GCC_NO_COMMON_BLOCKS = YES;
				GCC_OPTIMIZATION_LEVEL = 0;
				GCC_PREPROCESSOR_DEFINITIONS = (
					"DEBUG=1",
					"$(inherited)",
				);
				GCC_WARN_64_TO_32_BIT_CONVERSION = YES;
				GCC_WARN_ABOUT_RETURN_TYPE = YES_ERROR;
				GCC_WARN_UNDECLARED_SELECTOR = YES;
				GCC_WARN_UNINITIALIZED_AUTOS = YES_AGGRESSIVE;
				GCC_WARN_UNUSED_FUNCTION = YES;
				GCC_WARN_UNUSED_VARIABLE = YES;
				MACOSX_DEPLOYMENT_TARGET = 12.3;
				MTL_ENABLE_DEBUG_INFO = INCLUDE_SOURCE;
				MTL_FAST_MATH = YES;
				ONLY_ACTIVE_ARCH = YES;
				SDKROOT = macosx;
				SWIFT_ACTIVE_COMPILATION_CONDITIONS = DEBUG;
				SWIFT_OPTIMIZATION_LEVEL = "-Onone";
			};
			name = Debug;
		};
		7B72367F28BF4171002259ED /* Release */ = {
			isa = XCBuildConfiguration;
			buildSettings = {
				ALWAYS_SEARCH_USER_PATHS = NO;
				CLANG_ANALYZER_NONNULL = YES;
				CLANG_ANALYZER_NUMBER_OBJECT_CONVERSION = YES_AGGRESSIVE;
				CLANG_CXX_LANGUAGE_STANDARD = "gnu++17";
				CLANG_ENABLE_MODULES = YES;
				CLANG_ENABLE_OBJC_ARC = YES;
				CLANG_ENABLE_OBJC_WEAK = YES;
				CLANG_WARN_BLOCK_CAPTURE_AUTORELEASING = YES;
				CLANG_WARN_BOOL_CONVERSION = YES;
				CLANG_WARN_COMMA = YES;
				CLANG_WARN_CONSTANT_CONVERSION = YES;
				CLANG_WARN_DEPRECATED_OBJC_IMPLEMENTATIONS = YES;
				CLANG_WARN_DIRECT_OBJC_ISA_USAGE = YES_ERROR;
				CLANG_WARN_DOCUMENTATION_COMMENTS = YES;
				CLANG_WARN_EMPTY_BODY = YES;
				CLANG_WARN_ENUM_CONVERSION = YES;
				CLANG_WARN_INFINITE_RECURSION = YES;
				CLANG_WARN_INT_CONVERSION = YES;
				CLANG_WARN_NON_LITERAL_NULL_CONVERSION = YES;
				CLANG_WARN_OBJC_IMPLICIT_RETAIN_SELF = YES;
				CLANG_WARN_OBJC_LITERAL_CONVERSION = YES;
				CLANG_WARN_OBJC_ROOT_CLASS = YES_ERROR;
				CLANG_WARN_QUOTED_INCLUDE_IN_FRAMEWORK_HEADER = YES;
				CLANG_WARN_RANGE_LOOP_ANALYSIS = YES;
				CLANG_WARN_STRICT_PROTOTYPES = YES;
				CLANG_WARN_SUSPICIOUS_MOVE = YES;
				CLANG_WARN_UNGUARDED_AVAILABILITY = YES_AGGRESSIVE;
				CLANG_WARN_UNREACHABLE_CODE = YES;
				CLANG_WARN__DUPLICATE_METHOD_MATCH = YES;
				COPY_PHASE_STRIP = NO;
				DEBUG_INFORMATION_FORMAT = "dwarf-with-dsym";
				ENABLE_NS_ASSERTIONS = NO;
				ENABLE_STRICT_OBJC_MSGSEND = YES;
				GCC_C_LANGUAGE_STANDARD = gnu11;
				GCC_NO_COMMON_BLOCKS = YES;
				GCC_WARN_64_TO_32_BIT_CONVERSION = YES;
				GCC_WARN_ABOUT_RETURN_TYPE = YES_ERROR;
				GCC_WARN_UNDECLARED_SELECTOR = YES;
				GCC_WARN_UNINITIALIZED_AUTOS = YES_AGGRESSIVE;
				GCC_WARN_UNUSED_FUNCTION = YES;
				GCC_WARN_UNUSED_VARIABLE = YES;
				MACOSX_DEPLOYMENT_TARGET = 12.3;
				MTL_ENABLE_DEBUG_INFO = NO;
				MTL_FAST_MATH = YES;
				SDKROOT = macosx;
				SWIFT_COMPILATION_MODE = wholemodule;
				SWIFT_OPTIMIZATION_LEVEL = "-O";
			};
			name = Release;
		};
		7B72368128BF4171002259ED /* Debug */ = {
			isa = XCBuildConfiguration;
			buildSettings = {
				ASSETCATALOG_COMPILER_APPICON_NAME = AppIcon;
				ASSETCATALOG_COMPILER_GLOBAL_ACCENT_COLOR_NAME = AccentColor;
				CODE_SIGN_ENTITLEMENTS = SearchApp/SearchApp.entitlements;
				CODE_SIGN_STYLE = Automatic;
				COMBINE_HIDPI_IMAGES = YES;
				CURRENT_PROJECT_VERSION = 1;
				DEVELOPMENT_ASSET_PATHS = "\"SearchApp/Preview Content\"";
				DEVELOPMENT_TEAM = PS5XYD2TU9;
				ENABLE_HARDENED_RUNTIME = YES;
				ENABLE_PREVIEWS = YES;
				GENERATE_INFOPLIST_FILE = YES;
				INFOPLIST_KEY_NSHumanReadableCopyright = "";
				LD_RUNPATH_SEARCH_PATHS = (
					"$(inherited)",
					"@executable_path/../Frameworks",
				);
				MARKETING_VERSION = 1.0;
				PRODUCT_BUNDLE_IDENTIFIER = com.example.chenjoo.SearchApp;
				PRODUCT_NAME = "$(TARGET_NAME)";
				SWIFT_EMIT_LOC_STRINGS = YES;
				SWIFT_VERSION = 5.0;
			};
			name = Debug;
		};
		7B72368228BF4171002259ED /* Release */ = {
			isa = XCBuildConfiguration;
			buildSettings = {
				ASSETCATALOG_COMPILER_APPICON_NAME = AppIcon;
				ASSETCATALOG_COMPILER_GLOBAL_ACCENT_COLOR_NAME = AccentColor;
				CODE_SIGN_ENTITLEMENTS = SearchApp/SearchApp.entitlements;
				CODE_SIGN_STYLE = Automatic;
				COMBINE_HIDPI_IMAGES = YES;
				CURRENT_PROJECT_VERSION = 1;
				DEVELOPMENT_ASSET_PATHS = "\"SearchApp/Preview Content\"";
				DEVELOPMENT_TEAM = PS5XYD2TU9;
				ENABLE_HARDENED_RUNTIME = YES;
				ENABLE_PREVIEWS = YES;
				GENERATE_INFOPLIST_FILE = YES;
				INFOPLIST_KEY_NSHumanReadableCopyright = "";
				LD_RUNPATH_SEARCH_PATHS = (
					"$(inherited)",
					"@executable_path/../Frameworks",
				);
				MARKETING_VERSION = 1.0;
				PRODUCT_BUNDLE_IDENTIFIER = com.example.chenjoo.SearchApp;
				PRODUCT_NAME = "$(TARGET_NAME)";
				SWIFT_EMIT_LOC_STRINGS = YES;
				SWIFT_VERSION = 5.0;
			};
			name = Release;
		};
		7B72368428BF4171002259ED /* Debug */ = {
			isa = XCBuildConfiguration;
			buildSettings = {
				ALWAYS_EMBED_SWIFT_STANDARD_LIBRARIES = YES;
				BUNDLE_LOADER = "$(TEST_HOST)";
				CODE_SIGN_STYLE = Automatic;
				CURRENT_PROJECT_VERSION = 1;
				DEVELOPMENT_TEAM = PS5XYD2TU9;
				GENERATE_INFOPLIST_FILE = YES;
				MACOSX_DEPLOYMENT_TARGET = 12.3;
				MARKETING_VERSION = 1.0;
				PRODUCT_BUNDLE_IDENTIFIER = com.example.chenjoo.SearchAppTests;
				PRODUCT_NAME = "$(TARGET_NAME)";
				SWIFT_EMIT_LOC_STRINGS = NO;
				SWIFT_VERSION = 5.0;
				TEST_HOST = "$(BUILT_PRODUCTS_DIR)/SearchApp.app/Contents/MacOS/SearchApp";
			};
			name = Debug;
		};
		7B72368528BF4171002259ED /* Release */ = {
			isa = XCBuildConfiguration;
			buildSettings = {
				ALWAYS_EMBED_SWIFT_STANDARD_LIBRARIES = YES;
				BUNDLE_LOADER = "$(TEST_HOST)";
				CODE_SIGN_STYLE = Automatic;
				CURRENT_PROJECT_VERSION = 1;
				DEVELOPMENT_TEAM = PS5XYD2TU9;
				GENERATE_INFOPLIST_FILE = YES;
				MACOSX_DEPLOYMENT_TARGET = 12.3;
				MARKETING_VERSION = 1.0;
				PRODUCT_BUNDLE_IDENTIFIER = com.example.chenjoo.SearchAppTests;
				PRODUCT_NAME = "$(TARGET_NAME)";
				SWIFT_EMIT_LOC_STRINGS = NO;
				SWIFT_VERSION = 5.0;
				TEST_HOST = "$(BUILT_PRODUCTS_DIR)/SearchApp.app/Contents/MacOS/SearchApp";
			};
			name = Release;
		};
		7B72368728BF4171002259ED /* Debug */ = {
			isa = XCBuildConfiguration;
			buildSettings = {
				ALWAYS_EMBED_SWIFT_STANDARD_LIBRARIES = YES;
				CODE_SIGN_STYLE = Automatic;
				CURRENT_PROJECT_VERSION = 1;
				DEVELOPMENT_TEAM = PS5XYD2TU9;
				GENERATE_INFOPLIST_FILE = YES;
				MARKETING_VERSION = 1.0;
				PRODUCT_BUNDLE_IDENTIFIER = com.example.chenjoo.SearchAppUITests;
				PRODUCT_NAME = "$(TARGET_NAME)";
				SWIFT_EMIT_LOC_STRINGS = NO;
				SWIFT_VERSION = 5.0;
				TEST_TARGET_NAME = SearchApp;
			};
			name = Debug;
		};
		7B72368828BF4171002259ED /* Release */ = {
			isa = XCBuildConfiguration;
			buildSettings = {
				ALWAYS_EMBED_SWIFT_STANDARD_LIBRARIES = YES;
				CODE_SIGN_STYLE = Automatic;
				CURRENT_PROJECT_VERSION = 1;
				DEVELOPMENT_TEAM = PS5XYD2TU9;
				GENERATE_INFOPLIST_FILE = YES;
				MARKETING_VERSION = 1.0;
				PRODUCT_BUNDLE_IDENTIFIER = com.example.chenjoo.SearchAppUITests;
				PRODUCT_NAME = "$(TARGET_NAME)";
				SWIFT_EMIT_LOC_STRINGS = NO;
				SWIFT_VERSION = 5.0;
				TEST_TARGET_NAME = SearchApp;
			};
			name = Release;
		};
/* End XCBuildConfiguration section */

/* Begin XCConfigurationList section */
		7B72365628BF4170002259ED /* Build configuration list for PBXProject "SearchApp" */ = {
			isa = XCConfigurationList;
			buildConfigurations = (
				7B72367E28BF4171002259ED /* Debug */,
				7B72367F28BF4171002259ED /* Release */,
			);
			defaultConfigurationIsVisible = 0;
			defaultConfigurationName = Release;
		};
		7B72368028BF4171002259ED /* Build configuration list for PBXNativeTarget "SearchApp" */ = {
			isa = XCConfigurationList;
			buildConfigurations = (
				7B72368128BF4171002259ED /* Debug */,
				7B72368228BF4171002259ED /* Release */,
			);
			defaultConfigurationIsVisible = 0;
			defaultConfigurationName = Release;
		};
		7B72368328BF4171002259ED /* Build configuration list for PBXNativeTarget "SearchAppTests" */ = {
			isa = XCConfigurationList;
			buildConfigurations = (
				7B72368428BF4171002259ED /* Debug */,
				7B72368528BF4171002259ED /* Release */,
			);
			defaultConfigurationIsVisible = 0;
			defaultConfigurationName = Release;
		};
		7B72368628BF4171002259ED /* Build configuration list for PBXNativeTarget "SearchAppUITests" */ = {
			isa = XCConfigurationList;
			buildConfigurations = (
				7B72368728BF4171002259ED /* Debug */,
				7B72368828BF4171002259ED /* Release */,
			);
			defaultConfigurationIsVisible = 0;
			defaultConfigurationName = Release;
		};
/* End XCConfigurationList section */
	};
	rootObject = 7B72365328BF4170002259ED /* Project object */;
}
